Microsoft Visual Studio Solution File, Format Version 12.00
# Visual Studio 2012
Project("{FAE04EC0-301F-11D3-BF4B-00C04F79EFBC}") = "Konna3D", "Konna3D.csproj", "{335D5C3B-DD78-4BDA-89DE-F9D16983956F}"
EndProject
Global
	GlobalSection(SolutionConfigurationPlatforms) = preSolution
	Debug|Any CPU = Debug|Any CPU
	ExportDebug|Any CPU = ExportDebug|Any CPU
	ExportRelease|Any CPU = ExportRelease|Any CPU
	EndGlobalSection
	GlobalSection(ProjectConfigurationPlatforms) = postSolution
		{335D5C3B-DD78-4BDA-89DE-F9D16983956F}.Debug|Any CPU.ActiveCfg = Debug|Any CPU
		{335D5C3B-DD78-4BDA-89DE-F9D16983956F}.Debug|Any CPU.Build.0 = Debug|Any CPU
		{335D5C3B-DD78-4BDA-89DE-F9D16983956F}.ExportDebug|Any CPU.ActiveCfg = ExportDebug|Any CPU
		{335D5C3B-DD78-4BDA-89DE-F9D16983956F}.ExportDebug|Any CPU.Build.0 = ExportDebug|Any CPU
		{335D5C3B-DD78-4BDA-89DE-F9D16983956F}.ExportRelease|Any CPU.ActiveCfg = ExportRelease|Any CPU
		{335D5C3B-DD78-4BDA-89DE-F9D16983956F}.ExportRelease|Any CPU.Build.0 = ExportRelease|Any CPU
	EndGlobalSection
EndGlobal
