Microsoft Visual Studio Solution File, Format Version 12.00
# Visual Studio 2012
Project("{FAE04EC0-301F-11D3-BF4B-00C04F79EFBC}") = "Konna3D", "Konna3D.csproj", "{07478C57-2FA1-4315-BDCC-69A1C6E8BE23}"
EndProject
Global
	GlobalSection(SolutionConfigurationPlatforms) = preSolution
	Debug|Any CPU = Debug|Any CPU
	ExportDebug|Any CPU = ExportDebug|Any CPU
	ExportRelease|Any CPU = ExportRelease|Any CPU
	EndGlobalSection
	GlobalSection(ProjectConfigurationPlatforms) = postSolution
		{07478C57-2FA1-4315-BDCC-69A1C6E8BE23}.Debug|Any CPU.ActiveCfg = Debug|Any CPU
		{07478C57-2FA1-4315-BDCC-69A1C6E8BE23}.Debug|Any CPU.Build.0 = Debug|Any CPU
		{07478C57-2FA1-4315-BDCC-69A1C6E8BE23}.ExportDebug|Any CPU.ActiveCfg = ExportDebug|Any CPU
		{07478C57-2FA1-4315-BDCC-69A1C6E8BE23}.ExportDebug|Any CPU.Build.0 = ExportDebug|Any CPU
		{07478C57-2FA1-4315-BDCC-69A1C6E8BE23}.ExportRelease|Any CPU.ActiveCfg = ExportRelease|Any CPU
		{07478C57-2FA1-4315-BDCC-69A1C6E8BE23}.ExportRelease|Any CPU.Build.0 = ExportRelease|Any CPU
	EndGlobalSection
EndGlobal
